
Microsoft Visual Studio Solution File, Format Version 12.00
# Visual Studio 15
Project("{FAE04EC0-301F-11D3-BF4B-00C04F79EFBC}") = "FlashcardsFirebase.Android", "FlashcardsFirebase.Android\FlashcardsFirebase.Android.csproj", "{067F5F17-B2C6-4D07-A786-F3362050033D}"
EndProject
Project("{FAE04EC0-301F-11D3-BF4B-00C04F79EFBC}") = "FlashcardsFirebase.iOS", "FlashcardsFirebase.iOS\FlashcardsFirebase.iOS.csproj", "{42BC5B3E-E4E9-494E-9645-2D0F3E5D88A5}"
EndProject
Project("{FAE04EC0-301F-11D3-BF4B-00C04F79EFBC}") = "FlashcardsFirebase", "FlashcardsFirebase\FlashcardsFirebase.csproj", "{43B6F947-86EE-4E01-BBE3-258F21C510B0}"
EndProject
Global
	GlobalSection(SolutionConfigurationPlatforms) = preSolution
		Debug|Any CPU = Debug|Any CPU
		Release|Any CPU = Release|Any CPU
		Debug|iPhoneSimulator = Debug|iPhoneSimulator
		Release|iPhoneSimulator = Release|iPhoneSimulator
		Debug|iPhone = Debug|iPhone
		Release|iPhone = Release|iPhone
	EndGlobalSection
	GlobalSection(ProjectConfigurationPlatforms) = postSolution
		{067F5F17-B2C6-4D07-A786-F3362050033D}.Debug|Any CPU.ActiveCfg = Debug|Any CPU
		{067F5F17-B2C6-4D07-A786-F3362050033D}.Debug|Any CPU.Build.0 = Debug|Any CPU
		{067F5F17-B2C6-4D07-A786-F3362050033D}.Release|Any CPU.ActiveCfg = Release|Any CPU
		{067F5F17-B2C6-4D07-A786-F3362050033D}.Release|Any CPU.Build.0 = Release|Any CPU
		{067F5F17-B2C6-4D07-A786-F3362050033D}.Debug|iPhoneSimulator.ActiveCfg = Debug|Any CPU
		{067F5F17-B2C6-4D07-A786-F3362050033D}.Debug|iPhoneSimulator.Build.0 = Debug|Any CPU
		{067F5F17-B2C6-4D07-A786-F3362050033D}.Release|iPhoneSimulator.ActiveCfg = Release|Any CPU
		{067F5F17-B2C6-4D07-A786-F3362050033D}.Release|iPhoneSimulator.Build.0 = Release|Any CPU
		{067F5F17-B2C6-4D07-A786-F3362050033D}.Debug|iPhone.ActiveCfg = Debug|Any CPU
		{067F5F17-B2C6-4D07-A786-F3362050033D}.Debug|iPhone.Build.0 = Debug|Any CPU
		{067F5F17-B2C6-4D07-A786-F3362050033D}.Release|iPhone.ActiveCfg = Release|Any CPU
		{067F5F17-B2C6-4D07-A786-F3362050033D}.Release|iPhone.Build.0 = Release|Any CPU
		{42BC5B3E-E4E9-494E-9645-2D0F3E5D88A5}.Debug|Any CPU.ActiveCfg = Debug|iPhoneSimulator
		{42BC5B3E-E4E9-494E-9645-2D0F3E5D88A5}.Debug|Any CPU.Build.0 = Debug|iPhoneSimulator
		{42BC5B3E-E4E9-494E-9645-2D0F3E5D88A5}.Release|Any CPU.ActiveCfg = Release|iPhoneSimulator
		{42BC5B3E-E4E9-494E-9645-2D0F3E5D88A5}.Release|Any CPU.Build.0 = Release|iPhoneSimulator
		{42BC5B3E-E4E9-494E-9645-2D0F3E5D88A5}.Debug|iPhoneSimulator.ActiveCfg = Debug|iPhoneSimulator
		{42BC5B3E-E4E9-494E-9645-2D0F3E5D88A5}.Debug|iPhoneSimulator.Build.0 = Debug|iPhoneSimulator
		{42BC5B3E-E4E9-494E-9645-2D0F3E5D88A5}.Release|iPhoneSimulator.ActiveCfg = Release|iPhoneSimulator
		{42BC5B3E-E4E9-494E-9645-2D0F3E5D88A5}.Release|iPhoneSimulator.Build.0 = Release|iPhoneSimulator
		{42BC5B3E-E4E9-494E-9645-2D0F3E5D88A5}.Debug|iPhone.ActiveCfg = Debug|iPhone
		{42BC5B3E-E4E9-494E-9645-2D0F3E5D88A5}.Debug|iPhone.Build.0 = Debug|iPhone
		{42BC5B3E-E4E9-494E-9645-2D0F3E5D88A5}.Release|iPhone.ActiveCfg = Release|iPhone
		{42BC5B3E-E4E9-494E-9645-2D0F3E5D88A5}.Release|iPhone.Build.0 = Release|iPhone
		{43B6F947-86EE-4E01-BBE3-258F21C510B0}.Debug|Any CPU.ActiveCfg = Debug|Any CPU
		{43B6F947-86EE-4E01-BBE3-258F21C510B0}.Debug|Any CPU.Build.0 = Debug|Any CPU
		{43B6F947-86EE-4E01-BBE3-258F21C510B0}.Release|Any CPU.ActiveCfg = Release|Any CPU
		{43B6F947-86EE-4E01-BBE3-258F21C510B0}.Release|Any CPU.Build.0 = Release|Any CPU
		{43B6F947-86EE-4E01-BBE3-258F21C510B0}.Debug|iPhoneSimulator.ActiveCfg = Debug|Any CPU
		{43B6F947-86EE-4E01-BBE3-258F21C510B0}.Debug|iPhoneSimulator.Build.0 = Debug|Any CPU
		{43B6F947-86EE-4E01-BBE3-258F21C510B0}.Release|iPhoneSimulator.ActiveCfg = Release|Any CPU
		{43B6F947-86EE-4E01-BBE3-258F21C510B0}.Release|iPhoneSimulator.Build.0 = Release|Any CPU
		{43B6F947-86EE-4E01-BBE3-258F21C510B0}.Debug|iPhone.ActiveCfg = Debug|Any CPU
		{43B6F947-86EE-4E01-BBE3-258F21C510B0}.Debug|iPhone.Build.0 = Debug|Any CPU
		{43B6F947-86EE-4E01-BBE3-258F21C510B0}.Release|iPhone.ActiveCfg = Release|Any CPU
		{43B6F947-86EE-4E01-BBE3-258F21C510B0}.Release|iPhone.Build.0 = Release|Any CPU
	EndGlobalSection
EndGlobal
