
Microsoft Visual Studio Solution File, Format Version 12.00
# Visual Studio 15
Project("{FAE04EC0-301F-11D3-BF4B-00C04F79EFBC}") = "FlashCards.Android", "FlashCards.Android\FlashCards.Android.csproj", "{1662DEB8-8BD0-411B-94CF-E937A3721E38}"
EndProject
Project("{FAE04EC0-301F-11D3-BF4B-00C04F79EFBC}") = "FlashCards.iOS", "FlashCards.iOS\FlashCards.iOS.csproj", "{0AD79E29-AEA5-4E68-95AE-0F04B937FE0B}"
EndProject
Project("{FAE04EC0-301F-11D3-BF4B-00C04F79EFBC}") = "FlashCards", "FlashCards\FlashCards.csproj", "{315C6252-AF93-4D5B-B007-48F9C287DCE0}"
EndProject
Global
	GlobalSection(SolutionConfigurationPlatforms) = preSolution
		Debug|Any CPU = Debug|Any CPU
		Release|Any CPU = Release|Any CPU
		Debug|iPhoneSimulator = Debug|iPhoneSimulator
		Release|iPhoneSimulator = Release|iPhoneSimulator
		Debug|iPhone = Debug|iPhone
		Release|iPhone = Release|iPhone
		Ad-Hoc|iPhone = Ad-Hoc|iPhone
		AppStore|iPhone = AppStore|iPhone
	EndGlobalSection
	GlobalSection(ProjectConfigurationPlatforms) = postSolution
		{1662DEB8-8BD0-411B-94CF-E937A3721E38}.Debug|Any CPU.ActiveCfg = Debug|Any CPU
		{1662DEB8-8BD0-411B-94CF-E937A3721E38}.Debug|Any CPU.Build.0 = Debug|Any CPU
		{1662DEB8-8BD0-411B-94CF-E937A3721E38}.Release|Any CPU.ActiveCfg = Release|Any CPU
		{1662DEB8-8BD0-411B-94CF-E937A3721E38}.Release|Any CPU.Build.0 = Release|Any CPU
		{1662DEB8-8BD0-411B-94CF-E937A3721E38}.Debug|iPhoneSimulator.ActiveCfg = Debug|Any CPU
		{1662DEB8-8BD0-411B-94CF-E937A3721E38}.Debug|iPhoneSimulator.Build.0 = Debug|Any CPU
		{1662DEB8-8BD0-411B-94CF-E937A3721E38}.Release|iPhoneSimulator.ActiveCfg = Release|Any CPU
		{1662DEB8-8BD0-411B-94CF-E937A3721E38}.Release|iPhoneSimulator.Build.0 = Release|Any CPU
		{1662DEB8-8BD0-411B-94CF-E937A3721E38}.Debug|iPhone.ActiveCfg = Debug|Any CPU
		{1662DEB8-8BD0-411B-94CF-E937A3721E38}.Debug|iPhone.Build.0 = Debug|Any CPU
		{1662DEB8-8BD0-411B-94CF-E937A3721E38}.Release|iPhone.ActiveCfg = Release|Any CPU
		{1662DEB8-8BD0-411B-94CF-E937A3721E38}.Release|iPhone.Build.0 = Release|Any CPU
		{1662DEB8-8BD0-411B-94CF-E937A3721E38}.Ad-Hoc|iPhone.ActiveCfg = Debug|Any CPU
		{1662DEB8-8BD0-411B-94CF-E937A3721E38}.Ad-Hoc|iPhone.Build.0 = Debug|Any CPU
		{1662DEB8-8BD0-411B-94CF-E937A3721E38}.AppStore|iPhone.ActiveCfg = Debug|Any CPU
		{1662DEB8-8BD0-411B-94CF-E937A3721E38}.AppStore|iPhone.Build.0 = Debug|Any CPU
		{0AD79E29-AEA5-4E68-95AE-0F04B937FE0B}.Debug|Any CPU.ActiveCfg = Debug|iPhoneSimulator
		{0AD79E29-AEA5-4E68-95AE-0F04B937FE0B}.Debug|Any CPU.Build.0 = Debug|iPhoneSimulator
		{0AD79E29-AEA5-4E68-95AE-0F04B937FE0B}.Release|Any CPU.ActiveCfg = Release|iPhoneSimulator
		{0AD79E29-AEA5-4E68-95AE-0F04B937FE0B}.Release|Any CPU.Build.0 = Release|iPhoneSimulator
		{0AD79E29-AEA5-4E68-95AE-0F04B937FE0B}.Debug|iPhoneSimulator.ActiveCfg = Debug|iPhoneSimulator
		{0AD79E29-AEA5-4E68-95AE-0F04B937FE0B}.Debug|iPhoneSimulator.Build.0 = Debug|iPhoneSimulator
		{0AD79E29-AEA5-4E68-95AE-0F04B937FE0B}.Release|iPhoneSimulator.ActiveCfg = Release|iPhoneSimulator
		{0AD79E29-AEA5-4E68-95AE-0F04B937FE0B}.Release|iPhoneSimulator.Build.0 = Release|iPhoneSimulator
		{0AD79E29-AEA5-4E68-95AE-0F04B937FE0B}.Debug|iPhone.ActiveCfg = Debug|iPhone
		{0AD79E29-AEA5-4E68-95AE-0F04B937FE0B}.Debug|iPhone.Build.0 = Debug|iPhone
		{0AD79E29-AEA5-4E68-95AE-0F04B937FE0B}.Release|iPhone.ActiveCfg = Release|iPhone
		{0AD79E29-AEA5-4E68-95AE-0F04B937FE0B}.Release|iPhone.Build.0 = Release|iPhone
		{0AD79E29-AEA5-4E68-95AE-0F04B937FE0B}.Ad-Hoc|iPhone.ActiveCfg = Ad-Hoc|iPhone
		{0AD79E29-AEA5-4E68-95AE-0F04B937FE0B}.Ad-Hoc|iPhone.Build.0 = Ad-Hoc|iPhone
		{0AD79E29-AEA5-4E68-95AE-0F04B937FE0B}.AppStore|iPhone.ActiveCfg = AppStore|iPhone
		{0AD79E29-AEA5-4E68-95AE-0F04B937FE0B}.AppStore|iPhone.Build.0 = AppStore|iPhone
		{315C6252-AF93-4D5B-B007-48F9C287DCE0}.Debug|Any CPU.ActiveCfg = Debug|Any CPU
		{315C6252-AF93-4D5B-B007-48F9C287DCE0}.Debug|Any CPU.Build.0 = Debug|Any CPU
		{315C6252-AF93-4D5B-B007-48F9C287DCE0}.Release|Any CPU.ActiveCfg = Release|Any CPU
		{315C6252-AF93-4D5B-B007-48F9C287DCE0}.Release|Any CPU.Build.0 = Release|Any CPU
		{315C6252-AF93-4D5B-B007-48F9C287DCE0}.Debug|iPhoneSimulator.ActiveCfg = Debug|Any CPU
		{315C6252-AF93-4D5B-B007-48F9C287DCE0}.Debug|iPhoneSimulator.Build.0 = Debug|Any CPU
		{315C6252-AF93-4D5B-B007-48F9C287DCE0}.Release|iPhoneSimulator.ActiveCfg = Release|Any CPU
		{315C6252-AF93-4D5B-B007-48F9C287DCE0}.Release|iPhoneSimulator.Build.0 = Release|Any CPU
		{315C6252-AF93-4D5B-B007-48F9C287DCE0}.Debug|iPhone.ActiveCfg = Debug|Any CPU
		{315C6252-AF93-4D5B-B007-48F9C287DCE0}.Debug|iPhone.Build.0 = Debug|Any CPU
		{315C6252-AF93-4D5B-B007-48F9C287DCE0}.Release|iPhone.ActiveCfg = Release|Any CPU
		{315C6252-AF93-4D5B-B007-48F9C287DCE0}.Release|iPhone.Build.0 = Release|Any CPU
		{315C6252-AF93-4D5B-B007-48F9C287DCE0}.Ad-Hoc|iPhone.ActiveCfg = Debug|Any CPU
		{315C6252-AF93-4D5B-B007-48F9C287DCE0}.Ad-Hoc|iPhone.Build.0 = Debug|Any CPU
		{315C6252-AF93-4D5B-B007-48F9C287DCE0}.AppStore|iPhone.ActiveCfg = Debug|Any CPU
		{315C6252-AF93-4D5B-B007-48F9C287DCE0}.AppStore|iPhone.Build.0 = Debug|Any CPU
	EndGlobalSection
EndGlobal
